
Microsoft Visual Studio Solution File, Format Version 12.00
# Visual Studio Version 17
VisualStudioVersion = 17.5.33424.131
MinimumVisualStudioVersion = 10.0.40219.1
Project("{FAE04EC0-301F-11D3-BF4B-00C04F79EFBC}") = "26 апреля 7 занятие", "26 апреля 7 занятие.csproj", "{7CF1BCBD-6047-4075-B58E-97D8CEABAFA8}"
EndProject
Global
	GlobalSection(SolutionConfigurationPlatforms) = preSolution
		Debug|Any CPU = Debug|Any CPU
		Release|Any CPU = Release|Any CPU
	EndGlobalSection
	GlobalSection(ProjectConfigurationPlatforms) = postSolution
		{7CF1BCBD-6047-4075-B58E-97D8CEABAFA8}.Debug|Any CPU.ActiveCfg = Debug|Any CPU
		{7CF1BCBD-6047-4075-B58E-97D8CEABAFA8}.Debug|Any CPU.Build.0 = Debug|Any CPU
		{7CF1BCBD-6047-4075-B58E-97D8CEABAFA8}.Release|Any CPU.ActiveCfg = Release|Any CPU
		{7CF1BCBD-6047-4075-B58E-97D8CEABAFA8}.Release|Any CPU.Build.0 = Release|Any CPU
	EndGlobalSection
	GlobalSection(SolutionProperties) = preSolution
		HideSolutionNode = FALSE
	EndGlobalSection
	GlobalSection(ExtensibilityGlobals) = postSolution
		SolutionGuid = {9A07D542-C73A-44F9-98E9-3CE65D32CD75}
	EndGlobalSection
EndGlobal
